
Microsoft Visual Studio Solution File, Format Version 12.00
# Visual Studio Version 16
VisualStudioVersion = 16.0.29418.71
MinimumVisualStudioVersion = 10.0.40219.1
Project("{FAE04EC0-301F-11D3-BF4B-00C04F79EFBC}") = "HsCodingAssessment", "HsCodingAssessment\HsCodingAssessment.csproj", "{5AC204FC-6408-4521-A6E5-E4721B82F35D}"
EndProject
Project("{FAE04EC0-301F-11D3-BF4B-00C04F79EFBC}") = "hubspotApp", "..\HubSpotRandomDude\hubspotApp.csproj", "{A00EBF16-E863-4D80-8C82-504FD10E0688}"
EndProject
Project("{FAE04EC0-301F-11D3-BF4B-00C04F79EFBC}") = "hubspotTrainingPokeClient", "..\hubspotTrainingPokeClient\hubspotTrainingPokeClient\hubspotTrainingPokeClient.csproj", "{60FAAA3F-3782-4AAA-A1D9-ADB555337172}"
EndProject
Global
	GlobalSection(SolutionConfigurationPlatforms) = preSolution
		Debug|Any CPU = Debug|Any CPU
		Release|Any CPU = Release|Any CPU
	EndGlobalSection
	GlobalSection(ProjectConfigurationPlatforms) = postSolution
		{5AC204FC-6408-4521-A6E5-E4721B82F35D}.Debug|Any CPU.ActiveCfg = Debug|Any CPU
		{5AC204FC-6408-4521-A6E5-E4721B82F35D}.Debug|Any CPU.Build.0 = Debug|Any CPU
		{5AC204FC-6408-4521-A6E5-E4721B82F35D}.Release|Any CPU.ActiveCfg = Release|Any CPU
		{5AC204FC-6408-4521-A6E5-E4721B82F35D}.Release|Any CPU.Build.0 = Release|Any CPU
		{A00EBF16-E863-4D80-8C82-504FD10E0688}.Debug|Any CPU.ActiveCfg = Debug|Any CPU
		{A00EBF16-E863-4D80-8C82-504FD10E0688}.Debug|Any CPU.Build.0 = Debug|Any CPU
		{A00EBF16-E863-4D80-8C82-504FD10E0688}.Release|Any CPU.ActiveCfg = Release|Any CPU
		{A00EBF16-E863-4D80-8C82-504FD10E0688}.Release|Any CPU.Build.0 = Release|Any CPU
		{60FAAA3F-3782-4AAA-A1D9-ADB555337172}.Debug|Any CPU.ActiveCfg = Debug|Any CPU
		{60FAAA3F-3782-4AAA-A1D9-ADB555337172}.Debug|Any CPU.Build.0 = Debug|Any CPU
		{60FAAA3F-3782-4AAA-A1D9-ADB555337172}.Release|Any CPU.ActiveCfg = Release|Any CPU
		{60FAAA3F-3782-4AAA-A1D9-ADB555337172}.Release|Any CPU.Build.0 = Release|Any CPU
	EndGlobalSection
	GlobalSection(SolutionProperties) = preSolution
		HideSolutionNode = FALSE
	EndGlobalSection
	GlobalSection(ExtensibilityGlobals) = postSolution
		SolutionGuid = {802E759D-C6F5-42C2-B359-8BA494F81242}
	EndGlobalSection
EndGlobal
